PODS:
  - AFNetworking (1.3.4)
  - CMPopTipView (2.2.0)
  - CTFeedback (1.0.17)
  - Evernote-SDK-iOS (1.3.1):
    - SSKeychain (~> 1.2.2)
  - FontAwesomeKit (2.1.8):
    - FontAwesomeKit/Core (= 2.1.8)
    - FontAwesomeKit/FontAwesome (= 2.1.8)
    - FontAwesomeKit/FoundationIcons (= 2.1.8)
    - FontAwesomeKit/IonIcons (= 2.1.8)
    - FontAwesomeKit/Zocial (= 2.1.8)
  - FontAwesomeKit/Core (2.1.8)
  - FontAwesomeKit/FontAwesome (2.1.8):
    - FontAwesomeKit/Core
  - FontAwesomeKit/FoundationIcons (2.1.8):
    - FontAwesomeKit/Core
  - FontAwesomeKit/IonIcons (2.1.8):
    - FontAwesomeKit/Core
  - FontAwesomeKit/Zocial (2.1.8):
    - FontAwesomeKit/Core
  - GLDTween (0.0.2)
  - HatenaBookmarkSDK (1.1.1):
    - AFNetworking (~> 1.0)
    - SFHFKeychainUtils
  - Helpshift (4.10.2)
  - HexColors (2.2.1)
  - JVFloatLabeledTextField (1.0.2)
  - LKBadgeView (1.2.0)
  - M2DWebViewController (0.1.11)
  - MTMigration (0.0.5)
  - NJKWebViewProgress (0.2.3):
    - NJKWebViewProgress/Core (= 0.2.3)
    - NJKWebViewProgress/ProgressView (= 0.2.3)
  - NJKWebViewProgress/Core (0.2.3)
  - NJKWebViewProgress/ProgressView (0.2.3)
  - NXOAuth2Client (1.2.8)
  - SFHFKeychainUtils (0.0.1)
  - SSKeychain (1.2.3)
  - SVProgressHUD (1.1.3)
  - TSMessages (0.9.12):
    - HexColors
  - TUSafariActivity (1.0.4)
  - UICKeyChainStore (2.0.4)
  - UIDeviceUtil (1.0.3)

DEPENDENCIES:
  - CMPopTipView
  - CTFeedback
  - Evernote-SDK-iOS
  - FontAwesomeKit (~> 2.1.0)
  - GLDTween (~> 0.0.2)
  - HatenaBookmarkSDK
  - Helpshift
  - JVFloatLabeledTextField
  - LKBadgeView (from `https://github.com/lakesoft/LKBadgeView.git`)
  - M2DWebViewController (from `git@github.com:0x0c/M2DWebViewController.git`, branch
    `master`)
  - MTMigration
  - NJKWebViewProgress
  - NXOAuth2Client (~> 1.2.6)
  - SVProgressHUD
  - TSMessages
  - TUSafariActivity (~> 1.0.1)
  - UICKeyChainStore
  - UIDeviceUtil (~> 1.0.2)

EXTERNAL SOURCES:
  LKBadgeView:
    :git: https://github.com/lakesoft/LKBadgeView.git
  M2DWebViewController:
    :branch: master
    :git: git@github.com:0x0c/M2DWebViewController.git

CHECKOUT OPTIONS:
  LKBadgeView:
    :commit: 4113212ceba6453bfb78ff96b815f58079c4e8ee
    :git: https://github.com/lakesoft/LKBadgeView.git
  M2DWebViewController:
    :commit: 5f87f58d1dffd818fd5897b69392cdef1353f58d
    :git: git@github.com:0x0c/M2DWebViewController.git

SPEC CHECKSUMS:
  AFNetworking: cf8e418e16f0c9c7e5c3150d019a3c679d015018
  CMPopTipView: a0a88404b9f46a5cfc16ce54bdb1b9bf9acb9aff
  CTFeedback: 8706fc51355f04646262441193983f6d10702d0c
  Evernote-SDK-iOS: beab0882c4bcdc05117ea0b56119da12cff47fbb
  FontAwesomeKit: 64759fb28b5d2e74a1bd81553d7c11ca10e32179
  GLDTween: 7a605ca867af48fc984f825f3dbdb95210a0f329
  HatenaBookmarkSDK: 29410393ebece9103adff108c66317ff431d9dd4
  Helpshift: 9c84a5e4ffd881c7e7eb395c2afc8d6a46eb2187
  HexColors: abfd172e329dab59888614ccba6f216cec59289d
  JVFloatLabeledTextField: 58a3a32cfb800e5b224f676987e7c13abf50a14d
  LKBadgeView: 12032158bf46b641e4a88205084654183b27cd8d
  M2DWebViewController: ccdbbe41b792a4111672b8ad7e85b04500e6df30
  MTMigration: 725315e6469c8fd7d13966887f59e65eb8aecb2e
  NJKWebViewProgress: f481fd424cb5ecc27eacae11b5397db92fba9a4d
  NXOAuth2Client: 98c4d4c594edd2b289cfc34a8928653e1dab7adf
  SFHFKeychainUtils: 9576b411a79a058f4d5381ace6f3242b9a62e664
  SSKeychain: 3f42991739c6c60a9cf1bbd4dff6c0d3694bcf3d
  SVProgressHUD: 748080e4f36e603f6c02aec292664239df5279c1
  TSMessages: 2a52642128d7ab15b46930c810b9c9403a2b58f3
  TUSafariActivity: afc55a00965377939107ce4fdc7f951f62454546
  UICKeyChainStore: 69eb0c3a6f669bccf16ba88de3b9069b71501361
  UIDeviceUtil: eb899ca766dde91cc05fcb9881fced256d8e1ba9

COCOAPODS: 0.36.4
